
Microsoft Visual Studio Solution File, Format Version 12.00
# Visual Studio Version 17
VisualStudioVersion = 17.2.32630.192
MinimumVisualStudioVersion = 10.0.40219.1
Project("{FAE04EC0-301F-11D3-BF4B-00C04F79EFBC}") = "ClientGUI", "ClientGUI\ClientGUI.csproj", "{0F850825-EF15-4E39-9AAB-6EB75F75F619}"
EndProject
Project("{FAE04EC0-301F-11D3-BF4B-00C04F79EFBC}") = "Registry Project", "Registry Project\Registry Project.csproj", "{D03F42A3-DF2B-4082-99FF-5A67604C8935}"
EndProject
Project("{FAE04EC0-301F-11D3-BF4B-00C04F79EFBC}") = "Authenticator Project", "Authenticator Project\Authenticator Project.csproj", "{237514CF-A239-4A8E-ACA8-D797155FF9BD}"
EndProject
Global
	GlobalSection(SolutionConfigurationPlatforms) = preSolution
		Debug|Any CPU = Debug|Any CPU
		Release|Any CPU = Release|Any CPU
	EndGlobalSection
	GlobalSection(ProjectConfigurationPlatforms) = postSolution
		{0F850825-EF15-4E39-9AAB-6EB75F75F619}.Debug|Any CPU.ActiveCfg = Debug|Any CPU
		{0F850825-EF15-4E39-9AAB-6EB75F75F619}.Debug|Any CPU.Build.0 = Debug|Any CPU
		{0F850825-EF15-4E39-9AAB-6EB75F75F619}.Release|Any CPU.ActiveCfg = Release|Any CPU
		{0F850825-EF15-4E39-9AAB-6EB75F75F619}.Release|Any CPU.Build.0 = Release|Any CPU
		{D03F42A3-DF2B-4082-99FF-5A67604C8935}.Debug|Any CPU.ActiveCfg = Debug|Any CPU
		{D03F42A3-DF2B-4082-99FF-5A67604C8935}.Debug|Any CPU.Build.0 = Debug|Any CPU
		{D03F42A3-DF2B-4082-99FF-5A67604C8935}.Release|Any CPU.ActiveCfg = Release|Any CPU
		{D03F42A3-DF2B-4082-99FF-5A67604C8935}.Release|Any CPU.Build.0 = Release|Any CPU
		{237514CF-A239-4A8E-ACA8-D797155FF9BD}.Debug|Any CPU.ActiveCfg = Debug|Any CPU
		{237514CF-A239-4A8E-ACA8-D797155FF9BD}.Debug|Any CPU.Build.0 = Debug|Any CPU
		{237514CF-A239-4A8E-ACA8-D797155FF9BD}.Release|Any CPU.ActiveCfg = Release|Any CPU
		{237514CF-A239-4A8E-ACA8-D797155FF9BD}.Release|Any CPU.Build.0 = Release|Any CPU
	EndGlobalSection
	GlobalSection(SolutionProperties) = preSolution
		HideSolutionNode = FALSE
	EndGlobalSection
	GlobalSection(ExtensibilityGlobals) = postSolution
		SolutionGuid = {CC228512-383C-4421-9539-92BD1925624C}
	EndGlobalSection
EndGlobal
